<Solution>
  <Folder Name="/core/" />
  <Folder Name="/src/">
    <Project Path="src/services/assets/Glyph.Assets.Api/Glyph.Assets.Api.csproj" />
    <Project Path="src/services/assets/Glyph.Assets.Application/Glyph.Assets.Application.csproj" />
    <Project Path="src/services/assets/Glyph.Assets.Domain/Glyph.Assets.Domain.csproj" />
    <Project Path="src/services/assets/Glyph.Assets.Infrastructure/Glyph.Assets.Infrastructure.csproj" />
  </Folder>
  <Folder Name="/src/bff/">
    <Project Path="src/apps/Glyph.Bff/Glyph.Bff.csproj" />
  </Folder>
  <Folder Name="/src/clients/">
    <Project Path="src/clients/FileService.Client/FileService.Client.csproj" />
  </Folder>
  <Folder Name="/src/common/">
    <Project Path="src/common/contracts/Shared.Contracts/Shared.Contracts.csproj" />
  </Folder>
  <Folder Name="/src/common/application/">
    <Project Path="src/common/application/Shared.Application/Shared.Application.csproj" />
  </Folder>
  <Folder Name="/src/common/contracts/" />
  <Folder Name="/src/common/core/">
    <Project Path="src/common/core/Shared.Kernel/Shared.Kernel.csproj" />
    <Project Path="src/common/core/Shared.Logging/Shared.Logging.csproj" />
  </Folder>
  <Folder Name="/src/common/infrastructure/">
    <Project Path="src/common/infrastructure/Shared.Http/Shared.Http.csproj" />
    <Project Path="src/common/infrastructure/Shared.Redis/Shared.Redis.csproj" />
  </Folder>
  <Folder Name="/src/common/web/">
    <Project Path="src/common/web/Shared.Web/Shared.Web.csproj" />
  </Folder>
</Solution>