<Solution>
  <Folder Name="/src/">
    <Project Path="src/microservice/Glyph.Api/Glyph.Api.csproj" />
    <Project Path="src/microservice/Glyph.Application/Glyph.Application.csproj" />
    <Project Path="src/microservice/Glyph.Domain/Glyph.Domain.csproj" />
    <Project Path="src/microservice/Glyph.Infrastructure/Glyph.Infrastructure.csproj" />
  </Folder>
  <Folder Name="/src/bff/">
    <Project Path="src/bff/Glyph.Bff/Glyph.Bff.csproj" />
  </Folder>
  <Folder Name="/src/Shared/">
    <Project Path="src/Shared/Shared.Contracts/Shared.Contracts.csproj" />
  </Folder>
</Solution>