<Solution>
  <Folder Name="/src/">
    <Project Path="src/Crossdyne.Glyph.Api/Crossdyne.Glyph.Api.csproj" />
    <Project Path="src/Crossdyne.Glyph.Application/Crossdyne.Glyph.Application.csproj" />
    <Project Path="src/Crossdyne.Glyph.Domain/Crossdyne.Glyph.Domain.csproj" />
    <Project Path="src/Crossdyne.Glyph.Infrastructure/Crossdyne.Glyph.Infrastructure.csproj" />
  </Folder>
</Solution>